// !$*UTF8*$!
{
	archiveVersion = 1;
	classes = {
	};
	objectVersion = 50;
	objects = {

/* Begin PBXBuildFile section */
		00374D2222A7A51D0051CBCB /* AppDelegate.swift in Sources */ = {isa = PBXBuildFile; fileRef = 00374D2122A7A51D0051CBCB /* AppDelegate.swift */; };
		00374D2422A7A51D0051CBCB /* SceneDelegate.swift in Sources */ = {isa = PBXBuildFile; fileRef = 00374D2322A7A51D0051CBCB /* SceneDelegate.swift */; };
		00374D2622A7A51D0051CBCB /* ViewController.swift in Sources */ = {isa = PBXBuildFile; fileRef = 00374D2522A7A51D0051CBCB /* ViewController.swift */; };
		00374D2922A7A51E0051CBCB /* Main.storyboard in Resources */ = {isa = PBXBuildFile; fileRef = 00374D2722A7A51E0051CBCB /* Main.storyboard */; };
		00374D2B22A7A6670051CBCB /* Assets.xcassets in Resources */ = {isa = PBXBuildFile; fileRef = 00374D2A22A7A6660051CBCB /* Assets.xcassets */; };
		00374D2E22A7A66B0051CBCB /* LaunchScreen.storyboard in Resources */ = {isa = PBXBuildFile; fileRef = 00374D2C22A7A66B0051CBCB /* LaunchScreen.storyboard */; };
		00374D3922A7A68C0051CBCB /* EyeTrackTestTests.swift in Sources */ = {isa = PBXBuildFile; fileRef = 00374D3822A7A68C0051CBCB /* EyeTrackTestTests.swift */; };
		00374D4422A7A68C0051CBCB /* EyeTrackTestUITests.swift in Sources */ = {isa = PBXBuildFile; fileRef = 00374D4322A7A68C0051CBCB /* EyeTrackTestUITests.swift */; };
		00374D5222A7AF190051CBCB /* EyeTrackViewController.swift in Sources */ = {isa = PBXBuildFile; fileRef = 00374D5122A7AF190051CBCB /* EyeTrackViewController.swift */; };
		00374D5422A7BF9B0051CBCB /* Tools.swift in Sources */ = {isa = PBXBuildFile; fileRef = 00374D5322A7BF9B0051CBCB /* Tools.swift */; };
		00374D5722A7C4FF0051CBCB /* DetailViewController.swift in Sources */ = {isa = PBXBuildFile; fileRef = 00374D5622A7C4FF0051CBCB /* DetailViewController.swift */; };
		00374D5A22A7CBE70051CBCB /* DetailTableViewCell.swift in Sources */ = {isa = PBXBuildFile; fileRef = 00374D5822A7CBE70051CBCB /* DetailTableViewCell.swift */; };
		00374D5B22A7CBE70051CBCB /* DetailTableViewCell.xib in Resources */ = {isa = PBXBuildFile; fileRef = 00374D5922A7CBE70051CBCB /* DetailTableViewCell.xib */; };
		00A201CE22A7ED9900423874 /* BigImgViewController.swift in Sources */ = {isa = PBXBuildFile; fileRef = 00A201CC22A7ED9900423874 /* BigImgViewController.swift */; };
		00A201CF22A7ED9900423874 /* BigImgViewController.xib in Resources */ = {isa = PBXBuildFile; fileRef = 00A201CD22A7ED9900423874 /* BigImgViewController.xib */; };
		B7C4DFEEC349B9F4F2D899E6 /* Pods_EyeTrackTest.framework in Frameworks */ = {isa = PBXBuildFile; fileRef = 37343F147A5CB8E6C3B2F65C /* Pods_EyeTrackTest.framework */; };
/* End PBXBuildFile section */

/* Begin PBXContainerItemProxy section */
		00374D3522A7A68B0051CBCB /* PBXContainerItemProxy */ = {
			isa = PBXContainerItemProxy;
			containerPortal = 00374D1622A7A51D0051CBCB /* Project object */;
			proxyType = 1;
			remoteGlobalIDString = 00374D1D22A7A51D0051CBCB;
			remoteInfo = EyeTrackTest;
		};
		00374D4022A7A68C0051CBCB /* PBXContainerItemProxy */ = {
			isa = PBXContainerItemProxy;
			containerPortal = 00374D1622A7A51D0051CBCB /* Project object */;
			proxyType = 1;
			remoteGlobalIDString = 00374D1D22A7A51D0051CBCB;
			remoteInfo = EyeTrackTest;
		};
/* End PBXContainerItemProxy section */

/* Begin PBXFileReference section */
		00374D1E22A7A51D0051CBCB /* EyeTrackTest.app */ = {isa = PBXFileReference; explicitFileType = wrapper.application; includeInIndex = 0; path = EyeTrackTest.app; sourceTree = BUILT_PRODUCTS_DIR; };
		00374D2122A7A51D0051CBCB /* AppDelegate.swift */ = {isa = PBXFileReference; lastKnownFileType = sourcecode.swift; path = AppDelegate.swift; sourceTree = "<group>"; };
		00374D2322A7A51D0051CBCB /* SceneDelegate.swift */ = {isa = PBXFileReference; lastKnownFileType = sourcecode.swift; path = SceneDelegate.swift; sourceTree = "<group>"; };
		00374D2522A7A51D0051CBCB /* ViewController.swift */ = {isa = PBXFileReference; lastKnownFileType = sourcecode.swift; path = ViewController.swift; sourceTree = "<group>"; };
		00374D2822A7A51E0051CBCB /* Base */ = {isa = PBXFileReference; lastKnownFileType = file.storyboard; name = Base; path = Base.lproj/Main.storyboard; sourceTree = "<group>"; };
		00374D2A22A7A6660051CBCB /* Assets.xcassets */ = {isa = PBXFileReference; lastKnownFileType = folder.assetcatalog; path = Assets.xcassets; sourceTree = "<group>"; };
		00374D2D22A7A66B0051CBCB /* Base */ = {isa = PBXFileReference; lastKnownFileType = file.storyboard; name = Base; path = Base.lproj/LaunchScreen.storyboard; sourceTree = "<group>"; };
		00374D2F22A7A66C0051CBCB /* Info.plist */ = {isa = PBXFileReference; lastKnownFileType = text.plist.xml; path = Info.plist; sourceTree = "<group>"; };
		00374D3422A7A68B0051CBCB /* EyeTrackTestTests.xctest */ = {isa = PBXFileReference; explicitFileType = wrapper.cfbundle; includeInIndex = 0; path = EyeTrackTestTests.xctest; sourceTree = BUILT_PRODUCTS_DIR; };
		00374D3822A7A68C0051CBCB /* EyeTrackTestTests.swift */ = {isa = PBXFileReference; lastKnownFileType = sourcecode.swift; path = EyeTrackTestTests.swift; sourceTree = "<group>"; };
		00374D3A22A7A68C0051CBCB /* Info.plist */ = {isa = PBXFileReference; lastKnownFileType = text.plist.xml; path = Info.plist; sourceTree = "<group>"; };
		00374D3F22A7A68C0051CBCB /* EyeTrackTestUITests.xctest */ = {isa = PBXFileReference; explicitFileType = wrapper.cfbundle; includeInIndex = 0; path = EyeTrackTestUITests.xctest; sourceTree = BUILT_PRODUCTS_DIR; };
		00374D4322A7A68C0051CBCB /* EyeTrackTestUITests.swift */ = {isa = PBXFileReference; lastKnownFileType = sourcecode.swift; path = EyeTrackTestUITests.swift; sourceTree = "<group>"; };
		00374D4522A7A68C0051CBCB /* Info.plist */ = {isa = PBXFileReference; lastKnownFileType = text.plist.xml; path = Info.plist; sourceTree = "<group>"; };
		00374D5122A7AF190051CBCB /* EyeTrackViewController.swift */ = {isa = PBXFileReference; lastKnownFileType = sourcecode.swift; path = EyeTrackViewController.swift; sourceTree = "<group>"; };
		00374D5322A7BF9B0051CBCB /* Tools.swift */ = {isa = PBXFileReference; lastKnownFileType = sourcecode.swift; path = Tools.swift; sourceTree = "<group>"; };
		00374D5622A7C4FF0051CBCB /* DetailViewController.swift */ = {isa = PBXFileReference; lastKnownFileType = sourcecode.swift; path = DetailViewController.swift; sourceTree = "<group>"; };
		00374D5822A7CBE70051CBCB /* DetailTableViewCell.swift */ = {isa = PBXFileReference; lastKnownFileType = sourcecode.swift; path = DetailTableViewCell.swift; sourceTree = "<group>"; };
		00374D5922A7CBE70051CBCB /* DetailTableViewCell.xib */ = {isa = PBXFileReference; lastKnownFileType = file.xib; path = DetailTableViewCell.xib; sourceTree = "<group>"; };
		00A201CC22A7ED9900423874 /* BigImgViewController.swift */ = {isa = PBXFileReference; lastKnownFileType = sourcecode.swift; path = BigImgViewController.swift; sourceTree = "<group>"; };
		00A201CD22A7ED9900423874 /* BigImgViewController.xib */ = {isa = PBXFileReference; lastKnownFileType = file.xib; path = BigImgViewController.xib; sourceTree = "<group>"; };
		2087FADA85C973008DF7417E /* Pods-EyeTrackTest.release.xcconfig */ = {isa = PBXFileReference; includeInIndex = 1; lastKnownFileType = text.xcconfig; name = "Pods-EyeTrackTest.release.xcconfig"; path = "Pods/Target Support Files/Pods-EyeTrackTest/Pods-EyeTrackTest.release.xcconfig"; sourceTree = "<group>"; };
		37343F147A5CB8E6C3B2F65C /* Pods_EyeTrackTest.framework */ = {isa = PBXFileReference; explicitFileType = wrapper.framework; includeInIndex = 0; path = Pods_EyeTrackTest.framework; sourceTree = BUILT_PRODUCTS_DIR; };
		43B9AE3381CACA710C2455EB /* Pods-EyeTrackTest.debug.xcconfig */ = {isa = PBXFileReference; includeInIndex = 1; lastKnownFileType = text.xcconfig; name = "Pods-EyeTrackTest.debug.xcconfig"; path = "Pods/Target Support Files/Pods-EyeTrackTest/Pods-EyeTrackTest.debug.xcconfig"; sourceTree = "<group>"; };
/* End PBXFileReference section */

/* Begin PBXFrameworksBuildPhase section */
		00374D1B22A7A51D0051CBCB /* Frameworks */ = {
			isa = PBXFrameworksBuildPhase;
			buildActionMask = 2147483647;
			files = (
				B7C4DFEEC349B9F4F2D899E6 /* Pods_EyeTrackTest.framework in Frameworks */,
			);
			runOnlyForDeploymentPostprocessing = 0;
		};
		00374D3122A7A68B0051CBCB /* Frameworks */ = {
			isa = PBXFrameworksBuildPhase;
			buildActionMask = 2147483647;
			files = (
			);
			runOnlyForDeploymentPostprocessing = 0;
		};
		00374D3C22A7A68C0051CBCB /* Frameworks */ = {
			isa = PBXFrameworksBuildPhase;
			buildActionMask = 2147483647;
			files = (
			);
			runOnlyForDeploymentPostprocessing = 0;
		};
/* End PBXFrameworksBuildPhase section */

/* Begin PBXGroup section */
		00374D1522A7A51C0051CBCB = {
			isa = PBXGroup;
			children = (
				00374D2022A7A51D0051CBCB /* EyeTrackTest */,
				00374D3722A7A68C0051CBCB /* EyeTrackTestTests */,
				00374D4222A7A68C0051CBCB /* EyeTrackTestUITests */,
				00374D1F22A7A51D0051CBCB /* Products */,
				64B4BE48288116C6C7ED0F8C /* Pods */,
				8BE62090A30F3A752845C919 /* Frameworks */,
			);
			sourceTree = "<group>";
		};
		00374D1F22A7A51D0051CBCB /* Products */ = {
			isa = PBXGroup;
			children = (
				00374D1E22A7A51D0051CBCB /* EyeTrackTest.app */,
				00374D3422A7A68B0051CBCB /* EyeTrackTestTests.xctest */,
				00374D3F22A7A68C0051CBCB /* EyeTrackTestUITests.xctest */,
			);
			name = Products;
			sourceTree = "<group>";
		};
		00374D2022A7A51D0051CBCB /* EyeTrackTest */ = {
			isa = PBXGroup;
			children = (
				00374D2122A7A51D0051CBCB /* AppDelegate.swift */,
				00374D2322A7A51D0051CBCB /* SceneDelegate.swift */,
				00374D2522A7A51D0051CBCB /* ViewController.swift */,
				00374D2722A7A51E0051CBCB /* Main.storyboard */,
				00374D2A22A7A6660051CBCB /* Assets.xcassets */,
				00374D2C22A7A66B0051CBCB /* LaunchScreen.storyboard */,
				00374D2F22A7A66C0051CBCB /* Info.plist */,
				00374D5122A7AF190051CBCB /* EyeTrackViewController.swift */,
				00374D5322A7BF9B0051CBCB /* Tools.swift */,
				00374D5622A7C4FF0051CBCB /* DetailViewController.swift */,
				00374D5822A7CBE70051CBCB /* DetailTableViewCell.swift */,
				00374D5922A7CBE70051CBCB /* DetailTableViewCell.xib */,
				00A201CC22A7ED9900423874 /* BigImgViewController.swift */,
				00A201CD22A7ED9900423874 /* BigImgViewController.xib */,
			);
			path = EyeTrackTest;
			sourceTree = "<group>";
		};
		00374D3722A7A68C0051CBCB /* EyeTrackTestTests */ = {
			isa = PBXGroup;
			children = (
				00374D3822A7A68C0051CBCB /* EyeTrackTestTests.swift */,
				00374D3A22A7A68C0051CBCB /* Info.plist */,
			);
			path = EyeTrackTestTests;
			sourceTree = "<group>";
		};
		00374D4222A7A68C0051CBCB /* EyeTrackTestUITests */ = {
			isa = PBXGroup;
			children = (
				00374D4322A7A68C0051CBCB /* EyeTrackTestUITests.swift */,
				00374D4522A7A68C0051CBCB /* Info.plist */,
			);
			path = EyeTrackTestUITests;
			sourceTree = "<group>";
		};
		64B4BE48288116C6C7ED0F8C /* Pods */ = {
			isa = PBXGroup;
			children = (
				43B9AE3381CACA710C2455EB /* Pods-EyeTrackTest.debug.xcconfig */,
				2087FADA85C973008DF7417E /* Pods-EyeTrackTest.release.xcconfig */,
			);
			name = Pods;
			sourceTree = "<group>";
		};
		8BE62090A30F3A752845C919 /* Frameworks */ = {
			isa = PBXGroup;
			children = (
				37343F147A5CB8E6C3B2F65C /* Pods_EyeTrackTest.framework */,
			);
			name = Frameworks;
			sourceTree = "<group>";
		};
/* End PBXGroup section */

/* Begin PBXNativeTarget section */
		00374D1D22A7A51D0051CBCB /* EyeTrackTest */ = {
			isa = PBXNativeTarget;
			buildConfigurationList = 00374D4822A7A68C0051CBCB /* Build configuration list for PBXNativeTarget "EyeTrackTest" */;
			buildPhases = (
				003D8DEA8A522A513D4320F5 /* [CP] Check Pods Manifest.lock */,
				00374D1A22A7A51D0051CBCB /* Sources */,
				00374D1B22A7A51D0051CBCB /* Frameworks */,
				00374D1C22A7A51D0051CBCB /* Resources */,
				9B15ED528BB5C7009C649F44 /* [CP] Embed Pods Frameworks */,
			);
			buildRules = (
			);
			dependencies = (
			);
			name = EyeTrackTest;
			productName = EyeTrackTest;
			productReference = 00374D1E22A7A51D0051CBCB /* EyeTrackTest.app */;
			productType = "com.apple.product-type.application";
		};
		00374D3322A7A68B0051CBCB /* EyeTrackTestTests */ = {
			isa = PBXNativeTarget;
			buildConfigurationList = 00374D4B22A7A68C0051CBCB /* Build configuration list for PBXNativeTarget "EyeTrackTestTests" */;
			buildPhases = (
				00374D3022A7A68B0051CBCB /* Sources */,
				00374D3122A7A68B0051CBCB /* Frameworks */,
				00374D3222A7A68B0051CBCB /* Resources */,
			);
			buildRules = (
			);
			dependencies = (
				00374D3622A7A68B0051CBCB /* PBXTargetDependency */,
			);
			name = EyeTrackTestTests;
			productName = EyeTrackTestTests;
			productReference = 00374D3422A7A68B0051CBCB /* EyeTrackTestTests.xctest */;
			productType = "com.apple.product-type.bundle.unit-test";
		};
		00374D3E22A7A68C0051CBCB /* EyeTrackTestUITests */ = {
			isa = PBXNativeTarget;
			buildConfigurationList = 00374D4E22A7A68C0051CBCB /* Build configuration list for PBXNativeTarget "EyeTrackTestUITests" */;
			buildPhases = (
				00374D3B22A7A68C0051CBCB /* Sources */,
				00374D3C22A7A68C0051CBCB /* Frameworks */,
				00374D3D22A7A68C0051CBCB /* Resources */,
			);
			buildRules = (
			);
			dependencies = (
				00374D4122A7A68C0051CBCB /* PBXTargetDependency */,
			);
			name = EyeTrackTestUITests;
			productName = EyeTrackTestUITests;
			productReference = 00374D3F22A7A68C0051CBCB /* EyeTrackTestUITests.xctest */;
			productType = "com.apple.product-type.bundle.ui-testing";
		};
/* End PBXNativeTarget section */

/* Begin PBXProject section */
		00374D1622A7A51D0051CBCB /* Project object */ = {
			isa = PBXProject;
			attributes = {
				LastSwiftUpdateCheck = 1100;
				LastUpgradeCheck = 1100;
				ORGANIZATIONNAME = edz;
				TargetAttributes = {
					00374D1D22A7A51D0051CBCB = {
						CreatedOnToolsVersion = 11.0;
					};
					00374D3322A7A68B0051CBCB = {
						CreatedOnToolsVersion = 11.0;
						TestTargetID = 00374D1D22A7A51D0051CBCB;
					};
					00374D3E22A7A68C0051CBCB = {
						CreatedOnToolsVersion = 11.0;
						TestTargetID = 00374D1D22A7A51D0051CBCB;
					};
				};
			};
			buildConfigurationList = 00374D1922A7A51D0051CBCB /* Build configuration list for PBXProject "EyeTrackTest" */;
			compatibilityVersion = "Xcode 9.3";
			developmentRegion = en;
			hasScannedForEncodings = 0;
			knownRegions = (
				en,
				Base,
			);
			mainGroup = 00374D1522A7A51C0051CBCB;
			productRefGroup = 00374D1F22A7A51D0051CBCB /* Products */;
			projectDirPath = "";
			projectRoot = "";
			targets = (
				00374D1D22A7A51D0051CBCB /* EyeTrackTest */,
				00374D3322A7A68B0051CBCB /* EyeTrackTestTests */,
				00374D3E22A7A68C0051CBCB /* EyeTrackTestUITests */,
			);
		};
/* End PBXProject section */

/* Begin PBXResourcesBuildPhase section */
		00374D1C22A7A51D0051CBCB /* Resources */ = {
			isa = PBXResourcesBuildPhase;
			buildActionMask = 2147483647;
			files = (
				00374D2E22A7A66B0051CBCB /* LaunchScreen.storyboard in Resources */,
				00A201CF22A7ED9900423874 /* BigImgViewController.xib in Resources */,
				00374D2B22A7A6670051CBCB /* Assets.xcassets in Resources */,
				00374D5B22A7CBE70051CBCB /* DetailTableViewCell.xib in Resources */,
				00374D2922A7A51E0051CBCB /* Main.storyboard in Resources */,
			);
			runOnlyForDeploymentPostprocessing = 0;
		};
		00374D3222A7A68B0051CBCB /* Resources */ = {
			isa = PBXResourcesBuildPhase;
			buildActionMask = 2147483647;
			files = (
			);
			runOnlyForDeploymentPostprocessing = 0;
		};
		00374D3D22A7A68C0051CBCB /* Resources */ = {
			isa = PBXResourcesBuildPhase;
			buildActionMask = 2147483647;
			files = (
			);
			runOnlyForDeploymentPostprocessing = 0;
		};
/* End PBXResourcesBuildPhase section */

/* Begin PBXShellScriptBuildPhase section */
		003D8DEA8A522A513D4320F5 /* [CP] Check Pods Manifest.lock */ = {
			isa = PBXShellScriptBuildPhase;
			buildActionMask = 2147483647;
			files = (
			);
			inputPaths = (
				"${PODS_PODFILE_DIR_PATH}/Podfile.lock",
				"${PODS_ROOT}/Manifest.lock",
			);
			name = "[CP] Check Pods Manifest.lock";
			outputPaths = (
				"$(DERIVED_FILE_DIR)/Pods-EyeTrackTest-checkManifestLockResult.txt",
			);
			runOnlyForDeploymentPostprocessing = 0;
			shellPath = /bin/sh;
			shellScript = "diff \"${PODS_PODFILE_DIR_PATH}/Podfile.lock\" \"${PODS_ROOT}/Manifest.lock\" > /dev/null\nif [ $? != 0 ] ; then\n    # print error to STDERR\n    echo \"error: The sandbox is not in sync with the Podfile.lock. Run 'pod install' or update your CocoaPods installation.\" >&2\n    exit 1\nfi\n# This output is used by Xcode 'outputs' to avoid re-running this script phase.\necho \"SUCCESS\" > \"${SCRIPT_OUTPUT_FILE_0}\"\n";
			showEnvVarsInLog = 0;
		};
		9B15ED528BB5C7009C649F44 /* [CP] Embed Pods Frameworks */ = {
			isa = PBXShellScriptBuildPhase;
			buildActionMask = 2147483647;
			files = (
			);
			inputPaths = (
				"${SRCROOT}/Pods/Target Support Files/Pods-EyeTrackTest/Pods-EyeTrackTest-frameworks.sh",
				"${BUILT_PRODUCTS_DIR}/Alamofire/Alamofire.framework",
				"${BUILT_PRODUCTS_DIR}/BMPlayer/BMPlayer.framework",
				"${BUILT_PRODUCTS_DIR}/FDFullscreenPopGesture/FDFullscreenPopGesture.framework",
				"${BUILT_PRODUCTS_DIR}/HandyJSON/HandyJSON.framework",
				"${BUILT_PRODUCTS_DIR}/IBAnimatable/IBAnimatable.framework",
				"${BUILT_PRODUCTS_DIR}/Kingfisher/Kingfisher.framework",
				"${BUILT_PRODUCTS_DIR}/MJRefresh/MJRefresh.framework",
				"${BUILT_PRODUCTS_DIR}/NVActivityIndicatorView/NVActivityIndicatorView.framework",
				"${BUILT_PRODUCTS_DIR}/RxCocoa/RxCocoa.framework",
				"${BUILT_PRODUCTS_DIR}/RxSwift/RxSwift.framework",
				"${BUILT_PRODUCTS_DIR}/SGPagingView/SGPagingView.framework",
				"${BUILT_PRODUCTS_DIR}/SQLite.swift/SQLite.framework",
				"${BUILT_PRODUCTS_DIR}/SVProgressHUD/SVProgressHUD.framework",
				"${BUILT_PRODUCTS_DIR}/SnapKit/SnapKit.framework",
				"${BUILT_PRODUCTS_DIR}/SwiftTheme/SwiftTheme.framework",
				"${BUILT_PRODUCTS_DIR}/SwiftyJSON/SwiftyJSON.framework",
				"${BUILT_PRODUCTS_DIR}/lottie-ios/Lottie.framework",
			);
			name = "[CP] Embed Pods Frameworks";
			outputPaths = (
				"${TARGET_BUILD_DIR}/${FRAMEWORKS_FOLDER_PATH}/Alamofire.framework",
				"${TARGET_BUILD_DIR}/${FRAMEWORKS_FOLDER_PATH}/BMPlayer.framework",
				"${TARGET_BUILD_DIR}/${FRAMEWORKS_FOLDER_PATH}/FDFullscreenPopGesture.framework",
				"${TARGET_BUILD_DIR}/${FRAMEWORKS_FOLDER_PATH}/HandyJSON.framework",
				"${TARGET_BUILD_DIR}/${FRAMEWORKS_FOLDER_PATH}/IBAnimatable.framework",
				"${TARGET_BUILD_DIR}/${FRAMEWORKS_FOLDER_PATH}/Kingfisher.framework",
				"${TARGET_BUILD_DIR}/${FRAMEWORKS_FOLDER_PATH}/MJRefresh.framework",
				"${TARGET_BUILD_DIR}/${FRAMEWORKS_FOLDER_PATH}/NVActivityIndicatorView.framework",
				"${TARGET_BUILD_DIR}/${FRAMEWORKS_FOLDER_PATH}/RxCocoa.framework",
				"${TARGET_BUILD_DIR}/${FRAMEWORKS_FOLDER_PATH}/RxSwift.framework",
				"${TARGET_BUILD_DIR}/${FRAMEWORKS_FOLDER_PATH}/SGPagingView.framework",
				"${TARGET_BUILD_DIR}/${FRAMEWORKS_FOLDER_PATH}/SQLite.framework",
				"${TARGET_BUILD_DIR}/${FRAMEWORKS_FOLDER_PATH}/SVProgressHUD.framework",
				"${TARGET_BUILD_DIR}/${FRAMEWORKS_FOLDER_PATH}/SnapKit.framework",
				"${TARGET_BUILD_DIR}/${FRAMEWORKS_FOLDER_PATH}/SwiftTheme.framework",
				"${TARGET_BUILD_DIR}/${FRAMEWORKS_FOLDER_PATH}/SwiftyJSON.framework",
				"${TARGET_BUILD_DIR}/${FRAMEWORKS_FOLDER_PATH}/Lottie.framework",
			);
			runOnlyForDeploymentPostprocessing = 0;
			shellPath = /bin/sh;
			shellScript = "\"${SRCROOT}/Pods/Target Support Files/Pods-EyeTrackTest/Pods-EyeTrackTest-frameworks.sh\"\n";
			showEnvVarsInLog = 0;
		};
/* End PBXShellScriptBuildPhase section */

/* Begin PBXSourcesBuildPhase section */
		00374D1A22A7A51D0051CBCB /* Sources */ = {
			isa = PBXSourcesBuildPhase;
			buildActionMask = 2147483647;
			files = (
				00374D2622A7A51D0051CBCB /* ViewController.swift in Sources */,
				00374D2222A7A51D0051CBCB /* AppDelegate.swift in Sources */,
				00374D5A22A7CBE70051CBCB /* DetailTableViewCell.swift in Sources */,
				00A201CE22A7ED9900423874 /* BigImgViewController.swift in Sources */,
				00374D5222A7AF190051CBCB /* EyeTrackViewController.swift in Sources */,
				00374D5722A7C4FF0051CBCB /* DetailViewController.swift in Sources */,
				00374D2422A7A51D0051CBCB /* SceneDelegate.swift in Sources */,
				00374D5422A7BF9B0051CBCB /* Tools.swift in Sources */,
			);
			runOnlyForDeploymentPostprocessing = 0;
		};
		00374D3022A7A68B0051CBCB /* Sources */ = {
			isa = PBXSourcesBuildPhase;
			buildActionMask = 2147483647;
			files = (
				00374D3922A7A68C0051CBCB /* EyeTrackTestTests.swift in Sources */,
			);
			runOnlyForDeploymentPostprocessing = 0;
		};
		00374D3B22A7A68C0051CBCB /* Sources */ = {
			isa = PBXSourcesBuildPhase;
			buildActionMask = 2147483647;
			files = (
				00374D4422A7A68C0051CBCB /* EyeTrackTestUITests.swift in Sources */,
			);
			runOnlyForDeploymentPostprocessing = 0;
		};
/* End PBXSourcesBuildPhase section */

/* Begin PBXTargetDependency section */
		00374D3622A7A68B0051CBCB /* PBXTargetDependency */ = {
			isa = PBXTargetDependency;
			target = 00374D1D22A7A51D0051CBCB /* EyeTrackTest */;
			targetProxy = 00374D3522A7A68B0051CBCB /* PBXContainerItemProxy */;
		};
		00374D4122A7A68C0051CBCB /* PBXTargetDependency */ = {
			isa = PBXTargetDependency;
			target = 00374D1D22A7A51D0051CBCB /* EyeTrackTest */;
			targetProxy = 00374D4022A7A68C0051CBCB /* PBXContainerItemProxy */;
		};
/* End PBXTargetDependency section */

/* Begin PBXVariantGroup section */
		00374D2722A7A51E0051CBCB /* Main.storyboard */ = {
			isa = PBXVariantGroup;
			children = (
				00374D2822A7A51E0051CBCB /* Base */,
			);
			name = Main.storyboard;
			sourceTree = "<group>";
		};
		00374D2C22A7A66B0051CBCB /* LaunchScreen.storyboard */ = {
			isa = PBXVariantGroup;
			children = (
				00374D2D22A7A66B0051CBCB /* Base */,
			);
			name = LaunchScreen.storyboard;
			sourceTree = "<group>";
		};
/* End PBXVariantGroup section */

/* Begin XCBuildConfiguration section */
		00374D4622A7A68C0051CBCB /* Debug */ = {
			isa = XCBuildConfiguration;
			buildSettings = {
				ALWAYS_SEARCH_USER_PATHS = NO;
				CLANG_ANALYZER_NONNULL = YES;
				CLANG_ANALYZER_NUMBER_OBJECT_CONVERSION = YES_AGGRESSIVE;
				CLANG_CXX_LANGUAGE_STANDARD = "gnu++14";
				CLANG_CXX_LIBRARY = "libc++";
				CLANG_ENABLE_MODULES = YES;
				CLANG_ENABLE_OBJC_ARC = YES;
				CLANG_ENABLE_OBJC_WEAK = YES;
				CLANG_WARN_BLOCK_CAPTURE_AUTORELEASING = YES;
				CLANG_WARN_BOOL_CONVERSION = YES;
				CLANG_WARN_COMMA = YES;
				CLANG_WARN_CONSTANT_CONVERSION = YES;
				CLANG_WARN_DEPRECATED_OBJC_IMPLEMENTATIONS = YES;
				CLANG_WARN_DIRECT_OBJC_ISA_USAGE = YES_ERROR;
				CLANG_WARN_DOCUMENTATION_COMMENTS = YES;
				CLANG_WARN_EMPTY_BODY = YES;
				CLANG_WARN_ENUM_CONVERSION = YES;
				CLANG_WARN_INFINITE_RECURSION = YES;
				CLANG_WARN_INT_CONVERSION = YES;
				CLANG_WARN_NON_LITERAL_NULL_CONVERSION = YES;
				CLANG_WARN_OBJC_IMPLICIT_RETAIN_SELF = YES;
				CLANG_WARN_OBJC_LITERAL_CONVERSION = YES;
				CLANG_WARN_OBJC_ROOT_CLASS = YES_ERROR;
				CLANG_WARN_RANGE_LOOP_ANALYSIS = YES;
				CLANG_WARN_STRICT_PROTOTYPES = YES;
				CLANG_WARN_SUSPICIOUS_MOVE = YES;
				CLANG_WARN_UNGUARDED_AVAILABILITY = YES_AGGRESSIVE;
				CLANG_WARN_UNREACHABLE_CODE = YES;
				CLANG_WARN__DUPLICATE_METHOD_MATCH = YES;
				COPY_PHASE_STRIP = NO;
				DEBUG_INFORMATION_FORMAT = dwarf;
				ENABLE_STRICT_OBJC_MSGSEND = YES;
				ENABLE_TESTABILITY = YES;
				GCC_C_LANGUAGE_STANDARD = gnu11;
				GCC_DYNAMIC_NO_PIC = NO;
				GCC_NO_COMMON_BLOCKS = YES;
				GCC_OPTIMIZATION_LEVEL = 0;
				GCC_PREPROCESSOR_DEFINITIONS = (
					"DEBUG=1",
					"$(inherited)",
				);
				GCC_WARN_64_TO_32_BIT_CONVERSION = YES;
				GCC_WARN_ABOUT_RETURN_TYPE = YES_ERROR;
				GCC_WARN_UNDECLARED_SELECTOR = YES;
				GCC_WARN_UNINITIALIZED_AUTOS = YES_AGGRESSIVE;
				GCC_WARN_UNUSED_FUNCTION = YES;
				GCC_WARN_UNUSED_VARIABLE = YES;
				IPHONEOS_DEPLOYMENT_TARGET = 9.0;
				MTL_ENABLE_DEBUG_INFO = INCLUDE_SOURCE;
				MTL_FAST_MATH = YES;
				ONLY_ACTIVE_ARCH = YES;
				SDKROOT = iphoneos;
				SWIFT_ACTIVE_COMPILATION_CONDITIONS = DEBUG;
				SWIFT_OPTIMIZATION_LEVEL = "-Onone";
			};
			name = Debug;
		};
		00374D4722A7A68C0051CBCB /* Release */ = {
			isa = XCBuildConfiguration;
			buildSettings = {
				ALWAYS_SEARCH_USER_PATHS = NO;
				CLANG_ANALYZER_NONNULL = YES;
				CLANG_ANALYZER_NUMBER_OBJECT_CONVERSION = YES_AGGRESSIVE;
				CLANG_CXX_LANGUAGE_STANDARD = "gnu++14";
				CLANG_CXX_LIBRARY = "libc++";
				CLANG_ENABLE_MODULES = YES;
				CLANG_ENABLE_OBJC_ARC = YES;
				CLANG_ENABLE_OBJC_WEAK = YES;
				CLANG_WARN_BLOCK_CAPTURE_AUTORELEASING = YES;
				CLANG_WARN_BOOL_CONVERSION = YES;
				CLANG_WARN_COMMA = YES;
				CLANG_WARN_CONSTANT_CONVERSION = YES;
				CLANG_WARN_DEPRECATED_OBJC_IMPLEMENTATIONS = YES;
				CLANG_WARN_DIRECT_OBJC_ISA_USAGE = YES_ERROR;
				CLANG_WARN_DOCUMENTATION_COMMENTS = YES;
				CLANG_WARN_EMPTY_BODY = YES;
				CLANG_WARN_ENUM_CONVERSION = YES;
				CLANG_WARN_INFINITE_RECURSION = YES;
				CLANG_WARN_INT_CONVERSION = YES;
				CLANG_WARN_NON_LITERAL_NULL_CONVERSION = YES;
				CLANG_WARN_OBJC_IMPLICIT_RETAIN_SELF = YES;
				CLANG_WARN_OBJC_LITERAL_CONVERSION = YES;
				CLANG_WARN_OBJC_ROOT_CLASS = YES_ERROR;
				CLANG_WARN_RANGE_LOOP_ANALYSIS = YES;
				CLANG_WARN_STRICT_PROTOTYPES = YES;
				CLANG_WARN_SUSPICIOUS_MOVE = YES;
				CLANG_WARN_UNGUARDED_AVAILABILITY = YES_AGGRESSIVE;
				CLANG_WARN_UNREACHABLE_CODE = YES;
				CLANG_WARN__DUPLICATE_METHOD_MATCH = YES;
				COPY_PHASE_STRIP = NO;
				DEBUG_INFORMATION_FORMAT = "dwarf-with-dsym";
				ENABLE_NS_ASSERTIONS = NO;
				ENABLE_STRICT_OBJC_MSGSEND = YES;
				GCC_C_LANGUAGE_STANDARD = gnu11;
				GCC_NO_COMMON_BLOCKS = YES;
				GCC_WARN_64_TO_32_BIT_CONVERSION = YES;
				GCC_WARN_ABOUT_RETURN_TYPE = YES_ERROR;
				GCC_WARN_UNDECLARED_SELECTOR = YES;
				GCC_WARN_UNINITIALIZED_AUTOS = YES_AGGRESSIVE;
				GCC_WARN_UNUSED_FUNCTION = YES;
				GCC_WARN_UNUSED_VARIABLE = YES;
				IPHONEOS_DEPLOYMENT_TARGET = 9.0;
				MTL_ENABLE_DEBUG_INFO = NO;
				MTL_FAST_MATH = YES;
				SDKROOT = iphoneos;
				SWIFT_COMPILATION_MODE = wholemodule;
				SWIFT_OPTIMIZATION_LEVEL = "-O";
				VALIDATE_PRODUCT = YES;
			};
			name = Release;
		};
		00374D4922A7A68C0051CBCB /* Debug */ = {
			isa = XCBuildConfiguration;
			baseConfigurationReference = 43B9AE3381CACA710C2455EB /* Pods-EyeTrackTest.debug.xcconfig */;
			buildSettings = {
				ASSETCATALOG_COMPILER_APPICON_NAME = AppIcon;
				CODE_SIGN_STYLE = Automatic;
				DEVELOPMENT_TEAM = 32V5Q9NKYZ;
				INFOPLIST_FILE = EyeTrackTest/Info.plist;
				IPHONEOS_DEPLOYMENT_TARGET = 9.0;
				LD_RUNPATH_SEARCH_PATHS = (
					"$(inherited)",
					"@executable_path/Frameworks",
				);
				PRODUCT_BUNDLE_IDENTIFIER = jaz.EyeTrackTest;
				PRODUCT_NAME = "$(TARGET_NAME)";
				SWIFT_VERSION = 5.0;
				TARGETED_DEVICE_FAMILY = 1;
			};
			name = Debug;
		};
		00374D4A22A7A68C0051CBCB /* Release */ = {
			isa = XCBuildConfiguration;
			baseConfigurationReference = 2087FADA85C973008DF7417E /* Pods-EyeTrackTest.release.xcconfig */;
			buildSettings = {
				ASSETCATALOG_COMPILER_APPICON_NAME = AppIcon;
				CODE_SIGN_STYLE = Automatic;
				DEVELOPMENT_TEAM = 32V5Q9NKYZ;
				INFOPLIST_FILE = EyeTrackTest/Info.plist;
				IPHONEOS_DEPLOYMENT_TARGET = 9.0;
				LD_RUNPATH_SEARCH_PATHS = (
					"$(inherited)",
					"@executable_path/Frameworks",
				);
				PRODUCT_BUNDLE_IDENTIFIER = jaz.EyeTrackTest;
				PRODUCT_NAME = "$(TARGET_NAME)";
				SWIFT_VERSION = 5.0;
				TARGETED_DEVICE_FAMILY = 1;
			};
			name = Release;
		};
		00374D4C22A7A68C0051CBCB /* Debug */ = {
			isa = XCBuildConfiguration;
			buildSettings = {
				ALWAYS_EMBED_SWIFT_STANDARD_LIBRARIES = YES;
				BUNDLE_LOADER = "$(TEST_HOST)";
				CODE_SIGN_STYLE = Automatic;
				DEVELOPMENT_TEAM = 32V5Q9NKYZ;
				INFOPLIST_FILE = EyeTrackTestTests/Info.plist;
				LD_RUNPATH_SEARCH_PATHS = (
					"$(inherited)",
					"@executable_path/Frameworks",
					"@loader_path/Frameworks",
				);
				PRODUCT_BUNDLE_IDENTIFIER = jaz.EyeTrackTestTests;
				PRODUCT_NAME = "$(TARGET_NAME)";
				SWIFT_VERSION = 5.0;
				TARGETED_DEVICE_FAMILY = "1,2";
				TEST_HOST = "$(BUILT_PRODUCTS_DIR)/EyeTrackTest.app/EyeTrackTest";
			};
			name = Debug;
		};
		00374D4D22A7A68C0051CBCB /* Release */ = {
			isa = XCBuildConfiguration;
			buildSettings = {
				ALWAYS_EMBED_SWIFT_STANDARD_LIBRARIES = YES;
				BUNDLE_LOADER = "$(TEST_HOST)";
				CODE_SIGN_STYLE = Automatic;
				DEVELOPMENT_TEAM = 32V5Q9NKYZ;
				INFOPLIST_FILE = EyeTrackTestTests/Info.plist;
				LD_RUNPATH_SEARCH_PATHS = (
					"$(inherited)",
					"@executable_path/Frameworks",
					"@loader_path/Frameworks",
				);
				PRODUCT_BUNDLE_IDENTIFIER = jaz.EyeTrackTestTests;
				PRODUCT_NAME = "$(TARGET_NAME)";
				SWIFT_VERSION = 5.0;
				TARGETED_DEVICE_FAMILY = "1,2";
				TEST_HOST = "$(BUILT_PRODUCTS_DIR)/EyeTrackTest.app/EyeTrackTest";
			};
			name = Release;
		};
		00374D4F22A7A68C0051CBCB /* Debug */ = {
			isa = XCBuildConfiguration;
			buildSettings = {
				ALWAYS_EMBED_SWIFT_STANDARD_LIBRARIES = YES;
				CODE_SIGN_STYLE = Automatic;
				DEVELOPMENT_TEAM = 32V5Q9NKYZ;
				INFOPLIST_FILE = EyeTrackTestUITests/Info.plist;
				LD_RUNPATH_SEARCH_PATHS = (
					"$(inherited)",
					"@executable_path/Frameworks",
					"@loader_path/Frameworks",
				);
				PRODUCT_BUNDLE_IDENTIFIER = jaz.EyeTrackTestUITests;
				PRODUCT_NAME = "$(TARGET_NAME)";
				SWIFT_VERSION = 5.0;
				TARGETED_DEVICE_FAMILY = "1,2";
				TEST_TARGET_NAME = EyeTrackTest;
			};
			name = Debug;
		};
		00374D5022A7A68C0051CBCB /* Release */ = {
			isa = XCBuildConfiguration;
			buildSettings = {
				ALWAYS_EMBED_SWIFT_STANDARD_LIBRARIES = YES;
				CODE_SIGN_STYLE = Automatic;
				DEVELOPMENT_TEAM = 32V5Q9NKYZ;
				INFOPLIST_FILE = EyeTrackTestUITests/Info.plist;
				LD_RUNPATH_SEARCH_PATHS = (
					"$(inherited)",
					"@executable_path/Frameworks",
					"@loader_path/Frameworks",
				);
				PRODUCT_BUNDLE_IDENTIFIER = jaz.EyeTrackTestUITests;
				PRODUCT_NAME = "$(TARGET_NAME)";
				SWIFT_VERSION = 5.0;
				TARGETED_DEVICE_FAMILY = "1,2";
				TEST_TARGET_NAME = EyeTrackTest;
			};
			name = Release;
		};
/* End XCBuildConfiguration section */

/* Begin XCConfigurationList section */
		00374D1922A7A51D0051CBCB /* Build configuration list for PBXProject "EyeTrackTest" */ = {
			isa = XCConfigurationList;
			buildConfigurations = (
				00374D4622A7A68C0051CBCB /* Debug */,
				00374D4722A7A68C0051CBCB /* Release */,
			);
			defaultConfigurationIsVisible = 0;
			defaultConfigurationName = Release;
		};
		00374D4822A7A68C0051CBCB /* Build configuration list for PBXNativeTarget "EyeTrackTest" */ = {
			isa = XCConfigurationList;
			buildConfigurations = (
				00374D4922A7A68C0051CBCB /* Debug */,
				00374D4A22A7A68C0051CBCB /* Release */,
			);
			defaultConfigurationIsVisible = 0;
			defaultConfigurationName = Release;
		};
		00374D4B22A7A68C0051CBCB /* Build configuration list for PBXNativeTarget "EyeTrackTestTests" */ = {
			isa = XCConfigurationList;
			buildConfigurations = (
				00374D4C22A7A68C0051CBCB /* Debug */,
				00374D4D22A7A68C0051CBCB /* Release */,
			);
			defaultConfigurationIsVisible = 0;
			defaultConfigurationName = Release;
		};
		00374D4E22A7A68C0051CBCB /* Build configuration list for PBXNativeTarget "EyeTrackTestUITests" */ = {
			isa = XCConfigurationList;
			buildConfigurations = (
				00374D4F22A7A68C0051CBCB /* Debug */,
				00374D5022A7A68C0051CBCB /* Release */,
			);
			defaultConfigurationIsVisible = 0;
			defaultConfigurationName = Release;
		};
/* End XCConfigurationList section */
	};
	rootObject = 00374D1622A7A51D0051CBCB /* Project object */;
}
